{
    "_readme": [
        "This file locks the dependencies of your project to a known state",
        "Read more about it at http://getcomposer.org/doc/01-basic-usage.md#composer-lock-the-lock-file"
    ],
    "hash": "c02b285308bbf0e721414e3421d62df0",
    "packages": [
        {
            "name": "voceconnect/voce-settings-api",
            "version": "0.4.3",
            "source": {
                "type": "git",
                "url": "https://github.com/voceconnect/voce-settings-api.git",
                "reference": "ea6c8a53759b1a90edb442b8b5f9b73083909428"
            },
            "dist": {
                "type": "zip",
                "url": "https://api.github.com/repos/voceconnect/voce-settings-api/zipball/ea6c8a53759b1a90edb442b8b5f9b73083909428",
                "reference": "ea6c8a53759b1a90edb442b8b5f9b73083909428",
                "shasum": ""
            },
            "type": "library",
            "autoload": {
                "files": [
                    "voce-settings-api.php"
                ]
            },
            "notification-url": "https://packagist.org/downloads/",
            "license": [
                "GPLv2+"
            ],
            "authors": [
                {
                    "name": "Michael Pretty",
                    "email": "mpretty@voceconnect.com"
                }
            ],
            "description": "A simplification of the core WordPress settings API",
            "time": "2014-02-25 15:10:19"
        }
    ],
    "packages-dev": [

    ],
    "aliases": [

    ],
    "minimum-stability": "stable",
    "stability-flags": [

    ],
    "platform": [

    ],
    "platform-dev": [

    ]
}
